{
  "name": "broadcast-server-submission",
  "version": "1.0.0",
  "lockfileVersion": 3,
  "requires": true,
  "packages": {
    "": {
      "name": "broadcast-server-submission",
      "version": "1.0.0",
      "dependencies": {
        "argv": "^0.0.3",
        "ws": "^8.18.0"
      }
    },
    "node_modules/argv": {
      "version": "0.0.3",
      "resolved": "https://registry.npmjs.org/argv/-/argv-0.0.3.tgz",
      "integrity": "sha512-T/78+mAFUtUoCCdEiXzMwumwX490tUCQwMiKrr2DVEM90uvkiQqI3izIF5GXgCDAet1NAlPsKTV63wNc4wuIag==",
      "deprecated": "Package no longer supported. Contact Support at https://www.npmjs.com/support for more info.",
      "license": "MIT",
      "engines": {
        "node": ">=0.6.10"
      }
    },
    "node_modules/ws": {
      "version": "8.21.0",
      "resolved": "https://registry.npmjs.org/ws/-/ws-8.21.0.tgz",
      "integrity": "sha512-Vsp28b7DRcimFQvrqu2Wek3z1iYxDCWqHYB8Qsnk/S4RfaCQzPGPyBNuVjJV3cd6UiKtUtp6sNM77gWvzcCH+g==",
      "license": "MIT",
      "engines": {
        "node": ">=10.0.0"
      },
      "peerDependencies": {
        "bufferutil": "^4.0.1",
        "utf-8-validate": ">=5.0.2"
      },
      "peerDependenciesMeta": {
        "bufferutil": {
          "optional": true
        },
        "utf-8-validate": {
          "optional": true
        }
      }
    }
  }
}
